// !$*UTF8*$!
{
	archiveVersion = 1;
	classes = {
	};
	objectVersion = 55;
	objects = {

/* Begin PBXBuildFile section */
		734EBDD728BCEDCF00F5686B /* AppDelegate.swift in Sources */ = {isa = PBXBuildFile; fileRef = 734EBDD628BCEDCF00F5686B /* AppDelegate.swift */; };
		734EBDD928BCEDCF00F5686B /* SceneDelegate.swift in Sources */ = {isa = PBXBuildFile; fileRef = 734EBDD828BCEDCF00F5686B /* SceneDelegate.swift */; };
		734EBDDB28BCEDCF00F5686B /* CalculateViewController.swift in Sources */ = {isa = PBXBuildFile; fileRef = 734EBDDA28BCEDCF00F5686B /* CalculateViewController.swift */; };
		734EBDDE28BCEDCF00F5686B /* Main.storyboard in Resources */ = {isa = PBXBuildFile; fileRef = 734EBDDC28BCEDCF00F5686B /* Main.storyboard */; };
		734EBDE028BCEDD100F5686B /* Assets.xcassets in Resources */ = {isa = PBXBuildFile; fileRef = 734EBDDF28BCEDD100F5686B /* Assets.xcassets */; };
		734EBDE328BCEDD100F5686B /* LaunchScreen.storyboard in Resources */ = {isa = PBXBuildFile; fileRef = 734EBDE128BCEDD100F5686B /* LaunchScreen.storyboard */; };
		73C80B3D28BF9EAA0009B8DF /* ResultViewController.swift in Sources */ = {isa = PBXBuildFile; fileRef = 73C80B3C28BF9EAA0009B8DF /* ResultViewController.swift */; };
		73C80B3F28BFD1590009B8DF /* CalculatorBrain.swift in Sources */ = {isa = PBXBuildFile; fileRef = 73C80B3E28BFD1590009B8DF /* CalculatorBrain.swift */; };
/* End PBXBuildFile section */

/* Begin PBXFileReference section */
		734EBDD328BCEDCF00F5686B /* BMI-calculator.app */ = {isa = PBXFileReference; explicitFileType = wrapper.application; includeInIndex = 0; path = "BMI-calculator.app"; sourceTree = BUILT_PRODUCTS_DIR; };
		734EBDD628BCEDCF00F5686B /* AppDelegate.swift */ = {isa = PBXFileReference; lastKnownFileType = sourcecode.swift; path = AppDelegate.swift; sourceTree = "<group>"; };
		734EBDD828BCEDCF00F5686B /* SceneDelegate.swift */ = {isa = PBXFileReference; lastKnownFileType = sourcecode.swift; path = SceneDelegate.swift; sourceTree = "<group>"; };
		734EBDDA28BCEDCF00F5686B /* CalculateViewController.swift */ = {isa = PBXFileReference; lastKnownFileType = sourcecode.swift; path = CalculateViewController.swift; sourceTree = "<group>"; };
		734EBDDD28BCEDCF00F5686B /* Base */ = {isa = PBXFileReference; lastKnownFileType = file.storyboard; name = Base; path = Base.lproj/Main.storyboard; sourceTree = "<group>"; };
		734EBDDF28BCEDD100F5686B /* Assets.xcassets */ = {isa = PBXFileReference; lastKnownFileType = folder.assetcatalog; path = Assets.xcassets; sourceTree = "<group>"; };
		734EBDE228BCEDD100F5686B /* Base */ = {isa = PBXFileReference; lastKnownFileType = file.storyboard; name = Base; path = Base.lproj/LaunchScreen.storyboard; sourceTree = "<group>"; };
		734EBDE428BCEDD100F5686B /* Info.plist */ = {isa = PBXFileReference; lastKnownFileType = text.plist.xml; path = Info.plist; sourceTree = "<group>"; };
		73C80B3C28BF9EAA0009B8DF /* ResultViewController.swift */ = {isa = PBXFileReference; lastKnownFileType = sourcecode.swift; path = ResultViewController.swift; sourceTree = "<group>"; };
		73C80B3E28BFD1590009B8DF /* CalculatorBrain.swift */ = {isa = PBXFileReference; lastKnownFileType = sourcecode.swift; path = CalculatorBrain.swift; sourceTree = "<group>"; };
/* End PBXFileReference section */

/* Begin PBXFrameworksBuildPhase section */
		734EBDD028BCEDCF00F5686B /* Frameworks */ = {
			isa = PBXFrameworksBuildPhase;
			buildActionMask = 2147483647;
			files = (
			);
			runOnlyForDeploymentPostprocessing = 0;
		};
/* End PBXFrameworksBuildPhase section */

/* Begin PBXGroup section */
		734EBDCA28BCEDCF00F5686B = {
			isa = PBXGroup;
			children = (
				734EBDD528BCEDCF00F5686B /* BMI-calculator */,
				734EBDD428BCEDCF00F5686B /* Products */,
			);
			sourceTree = "<group>";
		};
		734EBDD428BCEDCF00F5686B /* Products */ = {
			isa = PBXGroup;
			children = (
				734EBDD328BCEDCF00F5686B /* BMI-calculator.app */,
			);
			name = Products;
			sourceTree = "<group>";
		};
		734EBDD528BCEDCF00F5686B /* BMI-calculator */ = {
			isa = PBXGroup;
			children = (
				734EBDD628BCEDCF00F5686B /* AppDelegate.swift */,
				734EBDD828BCEDCF00F5686B /* SceneDelegate.swift */,
				734EBDEC28BCEE9700F5686B /* Models */,
				734EBDEA28BCEE5B00F5686B /* Views */,
				734EBDEB28BCEE7B00F5686B /* Controllers */,
				734EBDDF28BCEDD100F5686B /* Assets.xcassets */,
				734EBDE128BCEDD100F5686B /* LaunchScreen.storyboard */,
				734EBDE428BCEDD100F5686B /* Info.plist */,
			);
			path = "BMI-calculator";
			sourceTree = "<group>";
		};
		734EBDEA28BCEE5B00F5686B /* Views */ = {
			isa = PBXGroup;
			children = (
				734EBDDC28BCEDCF00F5686B /* Main.storyboard */,
			);
			path = Views;
			sourceTree = "<group>";
		};
		734EBDEB28BCEE7B00F5686B /* Controllers */ = {
			isa = PBXGroup;
			children = (
				734EBDDA28BCEDCF00F5686B /* CalculateViewController.swift */,
				73C80B3C28BF9EAA0009B8DF /* ResultViewController.swift */,
			);
			path = Controllers;
			sourceTree = "<group>";
		};
		734EBDEC28BCEE9700F5686B /* Models */ = {
			isa = PBXGroup;
			children = (
				73C80B3E28BFD1590009B8DF /* CalculatorBrain.swift */,
			);
			path = Models;
			sourceTree = "<group>";
		};
/* End PBXGroup section */

/* Begin PBXNativeTarget section */
		734EBDD228BCEDCF00F5686B /* BMI-calculator */ = {
			isa = PBXNativeTarget;
			buildConfigurationList = 734EBDE728BCEDD100F5686B /* Build configuration list for PBXNativeTarget "BMI-calculator" */;
			buildPhases = (
				734EBDCF28BCEDCF00F5686B /* Sources */,
				734EBDD028BCEDCF00F5686B /* Frameworks */,
				734EBDD128BCEDCF00F5686B /* Resources */,
			);
			buildRules = (
			);
			dependencies = (
			);
			name = "BMI-calculator";
			productName = "BMI-calculator";
			productReference = 734EBDD328BCEDCF00F5686B /* BMI-calculator.app */;
			productType = "com.apple.product-type.application";
		};
/* End PBXNativeTarget section */

/* Begin PBXProject section */
		734EBDCB28BCEDCF00F5686B /* Project object */ = {
			isa = PBXProject;
			attributes = {
				BuildIndependentTargetsInParallel = 1;
				LastSwiftUpdateCheck = 1340;
				LastUpgradeCheck = 1340;
				TargetAttributes = {
					734EBDD228BCEDCF00F5686B = {
						CreatedOnToolsVersion = 13.4.1;
					};
				};
			};
			buildConfigurationList = 734EBDCE28BCEDCF00F5686B /* Build configuration list for PBXProject "BMI-calculator" */;
			compatibilityVersion = "Xcode 13.0";
			developmentRegion = en;
			hasScannedForEncodings = 0;
			knownRegions = (
				en,
				Base,
			);
			mainGroup = 734EBDCA28BCEDCF00F5686B;
			productRefGroup = 734EBDD428BCEDCF00F5686B /* Products */;
			projectDirPath = "";
			projectRoot = "";
			targets = (
				734EBDD228BCEDCF00F5686B /* BMI-calculator */,
			);
		};
/* End PBXProject section */

/* Begin PBXResourcesBuildPhase section */
		734EBDD128BCEDCF00F5686B /* Resources */ = {
			isa = PBXResourcesBuildPhase;
			buildActionMask = 2147483647;
			files = (
				734EBDE328BCEDD100F5686B /* LaunchScreen.storyboard in Resources */,
				734EBDE028BCEDD100F5686B /* Assets.xcassets in Resources */,
				734EBDDE28BCEDCF00F5686B /* Main.storyboard in Resources */,
			);
			runOnlyForDeploymentPostprocessing = 0;
		};
/* End PBXResourcesBuildPhase section */

/* Begin PBXSourcesBuildPhase section */
		734EBDCF28BCEDCF00F5686B /* Sources */ = {
			isa = PBXSourcesBuildPhase;
			buildActionMask = 2147483647;
			files = (
				734EBDDB28BCEDCF00F5686B /* CalculateViewController.swift in Sources */,
				734EBDD728BCEDCF00F5686B /* AppDelegate.swift in Sources */,
				734EBDD928BCEDCF00F5686B /* SceneDelegate.swift in Sources */,
				73C80B3F28BFD1590009B8DF /* CalculatorBrain.swift in Sources */,
				73C80B3D28BF9EAA0009B8DF /* ResultViewController.swift in Sources */,
			);
			runOnlyForDeploymentPostprocessing = 0;
		};
/* End PBXSourcesBuildPhase section */

/* Begin PBXVariantGroup section */
		734EBDDC28BCEDCF00F5686B /* Main.storyboard */ = {
			isa = PBXVariantGroup;
			children = (
				734EBDDD28BCEDCF00F5686B /* Base */,
			);
			name = Main.storyboard;
			sourceTree = "<group>";
		};
		734EBDE128BCEDD100F5686B /* LaunchScreen.storyboard */ = {
			isa = PBXVariantGroup;
			children = (
				734EBDE228BCEDD100F5686B /* Base */,
			);
			name = LaunchScreen.storyboard;
			sourceTree = "<group>";
		};
/* End PBXVariantGroup section */

/* Begin XCBuildConfiguration section */
		734EBDE528BCEDD100F5686B /* Debug */ = {
			isa = XCBuildConfiguration;
			buildSettings = {
				ALWAYS_SEARCH_USER_PATHS = NO;
				CLANG_ANALYZER_NONNULL = YES;
				CLANG_ANALYZER_NUMBER_OBJECT_CONVERSION = YES_AGGRESSIVE;
				CLANG_CXX_LANGUAGE_STANDARD = "gnu++17";
				CLANG_ENABLE_MODULES = YES;
				CLANG_ENABLE_OBJC_ARC = YES;
				CLANG_ENABLE_OBJC_WEAK = YES;
				CLANG_WARN_BLOCK_CAPTURE_AUTORELEASING = YES;
				CLANG_WARN_BOOL_CONVERSION = YES;
				CLANG_WARN_COMMA = YES;
				CLANG_WARN_CONSTANT_CONVERSION = YES;
				CLANG_WARN_DEPRECATED_OBJC_IMPLEMENTATIONS = YES;
				CLANG_WARN_DIRECT_OBJC_ISA_USAGE = YES_ERROR;
				CLANG_WARN_DOCUMENTATION_COMMENTS = YES;
				CLANG_WARN_EMPTY_BODY = YES;
				CLANG_WARN_ENUM_CONVERSION = YES;
				CLANG_WARN_INFINITE_RECURSION = YES;
				CLANG_WARN_INT_CONVERSION = YES;
				CLANG_WARN_NON_LITERAL_NULL_CONVERSION = YES;
				CLANG_WARN_OBJC_IMPLICIT_RETAIN_SELF = YES;
				CLANG_WARN_OBJC_LITERAL_CONVERSION = YES;
				CLANG_WARN_OBJC_ROOT_CLASS = YES_ERROR;
				CLANG_WARN_QUOTED_INCLUDE_IN_FRAMEWORK_HEADER = YES;
				CLANG_WARN_RANGE_LOOP_ANALYSIS = YES;
				CLANG_WARN_STRICT_PROTOTYPES = YES;
				CLANG_WARN_SUSPICIOUS_MOVE = YES;
				CLANG_WARN_UNGUARDED_AVAILABILITY = YES_AGGRESSIVE;
				CLANG_WARN_UNREACHABLE_CODE = YES;
				CLANG_WARN__DUPLICATE_METHOD_MATCH = YES;
				COPY_PHASE_STRIP = NO;
				DEBUG_INFORMATION_FORMAT = dwarf;
				ENABLE_STRICT_OBJC_MSGSEND = YES;
				ENABLE_TESTABILITY = YES;
				GCC_C_LANGUAGE_STANDARD = gnu11;
				GCC_DYNAMIC_NO_PIC = NO;
				GCC_NO_COMMON_BLOCKS = YES;
				GCC_OPTIMIZATION_LEVEL = 0;
				GCC_PREPROCESSOR_DEFINITIONS = (
					"DEBUG=1",
					"$(inherited)",
				);
				GCC_WARN_64_TO_32_BIT_CONVERSION = YES;
				GCC_WARN_ABOUT_RETURN_TYPE = YES_ERROR;
				GCC_WARN_UNDECLARED_SELECTOR = YES;
				GCC_WARN_UNINITIALIZED_AUTOS = YES_AGGRESSIVE;
				GCC_WARN_UNUSED_FUNCTION = YES;
				GCC_WARN_UNUSED_VARIABLE = YES;
				IPHONEOS_DEPLOYMENT_TARGET = 15.5;
				MTL_ENABLE_DEBUG_INFO = INCLUDE_SOURCE;
				MTL_FAST_MATH = YES;
				ONLY_ACTIVE_ARCH = YES;
				SDKROOT = iphoneos;
				SWIFT_ACTIVE_COMPILATION_CONDITIONS = DEBUG;
				SWIFT_OPTIMIZATION_LEVEL = "-Onone";
			};
			name = Debug;
		};
		734EBDE628BCEDD100F5686B /* Release */ = {
			isa = XCBuildConfiguration;
			buildSettings = {
				ALWAYS_SEARCH_USER_PATHS = NO;
				CLANG_ANALYZER_NONNULL = YES;
				CLANG_ANALYZER_NUMBER_OBJECT_CONVERSION = YES_AGGRESSIVE;
				CLANG_CXX_LANGUAGE_STANDARD = "gnu++17";
				CLANG_ENABLE_MODULES = YES;
				CLANG_ENABLE_OBJC_ARC = YES;
				CLANG_ENABLE_OBJC_WEAK = YES;
				CLANG_WARN_BLOCK_CAPTURE_AUTORELEASING = YES;
				CLANG_WARN_BOOL_CONVERSION = YES;
				CLANG_WARN_COMMA = YES;
				CLANG_WARN_CONSTANT_CONVERSION = YES;
				CLANG_WARN_DEPRECATED_OBJC_IMPLEMENTATIONS = YES;
				CLANG_WARN_DIRECT_OBJC_ISA_USAGE = YES_ERROR;
				CLANG_WARN_DOCUMENTATION_COMMENTS = YES;
				CLANG_WARN_EMPTY_BODY = YES;
				CLANG_WARN_ENUM_CONVERSION = YES;
				CLANG_WARN_INFINITE_RECURSION = YES;
				CLANG_WARN_INT_CONVERSION = YES;
				CLANG_WARN_NON_LITERAL_NULL_CONVERSION = YES;
				CLANG_WARN_OBJC_IMPLICIT_RETAIN_SELF = YES;
				CLANG_WARN_OBJC_LITERAL_CONVERSION = YES;
				CLANG_WARN_OBJC_ROOT_CLASS = YES_ERROR;
				CLANG_WARN_QUOTED_INCLUDE_IN_FRAMEWORK_HEADER = YES;
				CLANG_WARN_RANGE_LOOP_ANALYSIS = YES;
				CLANG_WARN_STRICT_PROTOTYPES = YES;
				CLANG_WARN_SUSPICIOUS_MOVE = YES;
				CLANG_WARN_UNGUARDED_AVAILABILITY = YES_AGGRESSIVE;
				CLANG_WARN_UNREACHABLE_CODE = YES;
				CLANG_WARN__DUPLICATE_METHOD_MATCH = YES;
				COPY_PHASE_STRIP = NO;
				DEBUG_INFORMATION_FORMAT = "dwarf-with-dsym";
				ENABLE_NS_ASSERTIONS = NO;
				ENABLE_STRICT_OBJC_MSGSEND = YES;
				GCC_C_LANGUAGE_STANDARD = gnu11;
				GCC_NO_COMMON_BLOCKS = YES;
				GCC_WARN_64_TO_32_BIT_CONVERSION = YES;
				GCC_WARN_ABOUT_RETURN_TYPE = YES_ERROR;
				GCC_WARN_UNDECLARED_SELECTOR = YES;
				GCC_WARN_UNINITIALIZED_AUTOS = YES_AGGRESSIVE;
				GCC_WARN_UNUSED_FUNCTION = YES;
				GCC_WARN_UNUSED_VARIABLE = YES;
				IPHONEOS_DEPLOYMENT_TARGET = 15.5;
				MTL_ENABLE_DEBUG_INFO = NO;
				MTL_FAST_MATH = YES;
				SDKROOT = iphoneos;
				SWIFT_COMPILATION_MODE = wholemodule;
				SWIFT_OPTIMIZATION_LEVEL = "-O";
				VALIDATE_PRODUCT = YES;
			};
			name = Release;
		};
		734EBDE828BCEDD100F5686B /* Debug */ = {
			isa = XCBuildConfiguration;
			buildSettings = {
				ASSETCATALOG_COMPILER_APPICON_NAME = AppIcon;
				ASSETCATALOG_COMPILER_GLOBAL_ACCENT_COLOR_NAME = AccentColor;
				CODE_SIGN_STYLE = Automatic;
				CURRENT_PROJECT_VERSION = 1;
				DEVELOPMENT_TEAM = 566CT6QDNS;
				GENERATE_INFOPLIST_FILE = YES;
				INFOPLIST_FILE = "BMI-calculator/Info.plist";
				INFOPLIST_KEY_UIApplicationSupportsIndirectInputEvents = YES;
				INFOPLIST_KEY_UILaunchStoryboardName = LaunchScreen;
				INFOPLIST_KEY_UIMainStoryboardFile = Main;
				INFOPLIST_KEY_UISupportedInterfaceOrientations_iPad = "UIInterfaceOrientationPortrait UIInterfaceOrientationPortraitUpsideDown UIInterfaceOrientationLandscapeLeft UIInterfaceOrientationLandscapeRight";
				INFOPLIST_KEY_UISupportedInterfaceOrientations_iPhone = "UIInterfaceOrientationPortrait UIInterfaceOrientationLandscapeLeft UIInterfaceOrientationLandscapeRight";
				LD_RUNPATH_SEARCH_PATHS = (
					"$(inherited)",
					"@executable_path/Frameworks",
				);
				MARKETING_VERSION = 1.0;
				PRODUCT_BUNDLE_IDENTIFIER = "com.elaniacs.BMI-calculator";
				PRODUCT_NAME = "$(TARGET_NAME)";
				SWIFT_EMIT_LOC_STRINGS = YES;
				SWIFT_VERSION = 5.0;
				TARGETED_DEVICE_FAMILY = "1,2";
			};
			name = Debug;
		};
		734EBDE928BCEDD100F5686B /* Release */ = {
			isa = XCBuildConfiguration;
			buildSettings = {
				ASSETCATALOG_COMPILER_APPICON_NAME = AppIcon;
				ASSETCATALOG_COMPILER_GLOBAL_ACCENT_COLOR_NAME = AccentColor;
				CODE_SIGN_STYLE = Automatic;
				CURRENT_PROJECT_VERSION = 1;
				DEVELOPMENT_TEAM = 566CT6QDNS;
				GENERATE_INFOPLIST_FILE = YES;
				INFOPLIST_FILE = "BMI-calculator/Info.plist";
				INFOPLIST_KEY_UIApplicationSupportsIndirectInputEvents = YES;
				INFOPLIST_KEY_UILaunchStoryboardName = LaunchScreen;
				INFOPLIST_KEY_UIMainStoryboardFile = Main;
				INFOPLIST_KEY_UISupportedInterfaceOrientations_iPad = "UIInterfaceOrientationPortrait UIInterfaceOrientationPortraitUpsideDown UIInterfaceOrientationLandscapeLeft UIInterfaceOrientationLandscapeRight";
				INFOPLIST_KEY_UISupportedInterfaceOrientations_iPhone = "UIInterfaceOrientationPortrait UIInterfaceOrientationLandscapeLeft UIInterfaceOrientationLandscapeRight";
				LD_RUNPATH_SEARCH_PATHS = (
					"$(inherited)",
					"@executable_path/Frameworks",
				);
				MARKETING_VERSION = 1.0;
				PRODUCT_BUNDLE_IDENTIFIER = "com.elaniacs.BMI-calculator";
				PRODUCT_NAME = "$(TARGET_NAME)";
				SWIFT_EMIT_LOC_STRINGS = YES;
				SWIFT_VERSION = 5.0;
				TARGETED_DEVICE_FAMILY = "1,2";
			};
			name = Release;
		};
/* End XCBuildConfiguration section */

/* Begin XCConfigurationList section */
		734EBDCE28BCEDCF00F5686B /* Build configuration list for PBXProject "BMI-calculator" */ = {
			isa = XCConfigurationList;
			buildConfigurations = (
				734EBDE528BCEDD100F5686B /* Debug */,
				734EBDE628BCEDD100F5686B /* Release */,
			);
			defaultConfigurationIsVisible = 0;
			defaultConfigurationName = Release;
		};
		734EBDE728BCEDD100F5686B /* Build configuration list for PBXNativeTarget "BMI-calculator" */ = {
			isa = XCConfigurationList;
			buildConfigurations = (
				734EBDE828BCEDD100F5686B /* Debug */,
				734EBDE928BCEDD100F5686B /* Release */,
			);
			defaultConfigurationIsVisible = 0;
			defaultConfigurationName = Release;
		};
/* End XCConfigurationList section */
	};
	rootObject = 734EBDCB28BCEDCF00F5686B /* Project object */;
}
